// !$*UTF8*$!
{
	archiveVersion = 1;
	classes = {
	};
	objectVersion = 56;
	objects = {

/* Begin PBXBuildFile section */
		D3119B49AB8E5BE98D4C192C /* EduFlowApp.swift in Sources */ = {isa = PBXBuildFile; fileRef = A8FCA7C43C305D5C8081D171 /* EduFlowApp.swift */; };
		8C4DE26BF943572A895BA42B /* ContentView.swift in Sources */ = {isa = PBXBuildFile; fileRef = 766F8D5FDA7B5EB0B9AE2E24 /* ContentView.swift */; };
		A67BE6D3086757FFA20BD935 /* APIClient.swift in Sources */ = {isa = PBXBuildFile; fileRef = 8595D1ECE5465B21AE3EF1C6 /* APIClient.swift */; };
		B1C4A9D02E7F4A18B0C35D6E /* LocalCache.swift in Sources */ = {isa = PBXBuildFile; fileRef = B1C4A9D12E7F4A18B0C35D6E /* LocalCache.swift */; };
		BBEAED5AB4DC58FBB3DF7BB5 /* TokenStore.swift in Sources */ = {isa = PBXBuildFile; fileRef = B88AD54C42825A71AEA635CA /* TokenStore.swift */; };
		B81B6BFE6D4E58C5A1D70B8A /* APIError.swift in Sources */ = {isa = PBXBuildFile; fileRef = CD9FB515424A5371A80FA290 /* APIError.swift */; };
		1C5DE940D07F51D2983559BA /* Common.swift in Sources */ = {isa = PBXBuildFile; fileRef = ABCA3C2887BF5332BBF0115B /* Common.swift */; };
		94D05BC818DB5C0598F43C71 /* Route.swift in Sources */ = {isa = PBXBuildFile; fileRef = B6B19952FB945BC59EBCB855 /* Route.swift */; };
		EA32C0AFC5D95A9995ED0BD2 /* Theme.swift in Sources */ = {isa = PBXBuildFile; fileRef = B2959C87312C5764AFE4BEF5 /* Theme.swift */; };
		6822D8D73DB85ECE8671CA15 /* CommonViews.swift in Sources */ = {isa = PBXBuildFile; fileRef = D5AA3BCF32A05B7F8DDE85ED /* CommonViews.swift */; };
		6BBA030ECD77EC7D4C7E01EF /* AuthDTOs.swift in Sources */ = {isa = PBXBuildFile; fileRef = D90AC1447E33BBFCF3019A6A /* AuthDTOs.swift */; };
		84A0473F347898E495E4904D /* AuthRepository.swift in Sources */ = {isa = PBXBuildFile; fileRef = AAC899551D509ABE31EC47DE /* AuthRepository.swift */; };
		E8DF943FCC4BA3E70881B805 /* SettingsRepository.swift in Sources */ = {isa = PBXBuildFile; fileRef = 0A5D3D46818853539E1148F7 /* SettingsRepository.swift */; };
		455F51E6EBE5475B35AA443D /* AuthViewModel.swift in Sources */ = {isa = PBXBuildFile; fileRef = 0D2138DCE8F84EF9EB843A47 /* AuthViewModel.swift */; };
		5E265950385825FB6C5A3D8E /* LoginViews.swift in Sources */ = {isa = PBXBuildFile; fileRef = 47C780F519F8DDAA7EA5E186 /* LoginViews.swift */; };
		3713CC14530F9D094B4939D2 /* SettingsViewModel.swift in Sources */ = {isa = PBXBuildFile; fileRef = F04D770A66ED7C133BE8182A /* SettingsViewModel.swift */; };
		E1AEE2129D550D710F3EE194 /* SettingsView.swift in Sources */ = {isa = PBXBuildFile; fileRef = 88B9980CFF512ECE5EC7C549 /* SettingsView.swift */; };
		201A21D56601068C55AC0DC3 /* DevicesView.swift in Sources */ = {isa = PBXBuildFile; fileRef = 1DE77B17D5A3EA79BE8B3EFB /* DevicesView.swift */; };
		D21C039FD7798366A211AFDB /* MessageDTOs.swift in Sources */ = {isa = PBXBuildFile; fileRef = 916C4BBA4C3EF096871B6073 /* MessageDTOs.swift */; };
		B79FE9212F6E80566B579736 /* MessagesRepository.swift in Sources */ = {isa = PBXBuildFile; fileRef = CB88462D995D627992C0A161 /* MessagesRepository.swift */; };
		955DA683ECE7F42A5B979EA0 /* MessagesViewModel.swift in Sources */ = {isa = PBXBuildFile; fileRef = 3D41C6B1D33DB1AE0F1E3253 /* MessagesViewModel.swift */; };
		7F0DF445B884AE4E8D93049D /* MessagesViews.swift in Sources */ = {isa = PBXBuildFile; fileRef = C1268241E9258B677A637DDA /* MessagesViews.swift */; };
		B7BF2EDCDE32BCE90998C3EB /* HomeworkDTOs.swift in Sources */ = {isa = PBXBuildFile; fileRef = 114264E89FD65096D137497C /* HomeworkDTOs.swift */; };
		46C8DE8FC69762BBEDE73D60 /* HomeworkRepository.swift in Sources */ = {isa = PBXBuildFile; fileRef = E171797FFAB5A5C68D95A7CE /* HomeworkRepository.swift */; };
		294FC763D96243BBD055B1D5 /* HomeworkViewModel.swift in Sources */ = {isa = PBXBuildFile; fileRef = 780585C12B1E9E92A809B0A0 /* HomeworkViewModel.swift */; };
		EB70B1CFF7BFA9C3D4EF4D90 /* HomeworkViews.swift in Sources */ = {isa = PBXBuildFile; fileRef = 6B99A8F0C7CE6DA25BF5B5D8 /* HomeworkViews.swift */; };
		6D5BE4F74A6E3E0D66361685 /* GradesDTOs.swift in Sources */ = {isa = PBXBuildFile; fileRef = 5423F4A8BB3F7FC3C31CE89B /* GradesDTOs.swift */; };
		FCC06715DEDD12EBE231CA84 /* GradesRepository.swift in Sources */ = {isa = PBXBuildFile; fileRef = F57DD316BC53CC4BADD8EB39 /* GradesRepository.swift */; };
		14821AED7533635DFC5B18A4 /* GradesViewModel.swift in Sources */ = {isa = PBXBuildFile; fileRef = AB8DA2FD19F78A2FC835613F /* GradesViewModel.swift */; };
		A5932A35C3C6042ACA4DE5DE /* GradesViews.swift in Sources */ = {isa = PBXBuildFile; fileRef = 17BCE34EE6D586D2C4295894 /* GradesViews.swift */; };
		2288F999A2899944D47F2E3C /* TimetableDTOs.swift in Sources */ = {isa = PBXBuildFile; fileRef = 72156A36D7050DA937900FFC /* TimetableDTOs.swift */; };
		F94F0C81016E9372F4BB93EF /* MetaDTOs.swift in Sources */ = {isa = PBXBuildFile; fileRef = 0852A308744C84ED4837E8B5 /* MetaDTOs.swift */; };
		4F2B3CFAC08C122808DFC3E0 /* TimetableRepository.swift in Sources */ = {isa = PBXBuildFile; fileRef = 8B31FAD3E25BB4EE3062720B /* TimetableRepository.swift */; };
		0691AA24AC5145D335F1004F /* MetaRepository.swift in Sources */ = {isa = PBXBuildFile; fileRef = CFF52179534A1EBD6884627E /* MetaRepository.swift */; };
		51BDA4BACCBAE10190BC66B9 /* TimetableViewModel.swift in Sources */ = {isa = PBXBuildFile; fileRef = F13674AB53AB897376DF9270 /* TimetableViewModel.swift */; };
		2A628BC9EAD20C2BC84D9D3C /* TimetableViews.swift in Sources */ = {isa = PBXBuildFile; fileRef = F9264AC868EB7D92823271BA /* TimetableViews.swift */; };
		F3A8874FED1D3FAC05109BC9 /* OverviewViewModel.swift in Sources */ = {isa = PBXBuildFile; fileRef = B240A980F43D88F84EC7424E /* OverviewViewModel.swift */; };
		9E569E80D4046A061380FC36 /* OverviewViews.swift in Sources */ = {isa = PBXBuildFile; fileRef = 90A2194AE941DA7010D3F023 /* OverviewViews.swift */; };
		C593FCC00FF180BDFC2F52B8 /* OnboardingState.swift in Sources */ = {isa = PBXBuildFile; fileRef = E4294464F51CB03CBB69B4C4 /* OnboardingState.swift */; };
		34445586AD75967748CA5CB9 /* OnboardingFlow.swift in Sources */ = {isa = PBXBuildFile; fileRef = 2AF2A7759A913239B8555D6B /* OnboardingFlow.swift */; };
		2F926069FA48C5F654064786 /* OnboardingPages.swift in Sources */ = {isa = PBXBuildFile; fileRef = 7DE1B3D70C24E5F6F2CD9F8D /* OnboardingPages.swift */; };
		1E16439360EA51AF853DAB5D /* EduFlowTests.swift in Sources */ = {isa = PBXBuildFile; fileRef = C7B9221991AA52B1AEBC352E /* EduFlowTests.swift */; };
		CD31A7093F70A3B1CD3D9C17 /* AuthTests.swift in Sources */ = {isa = PBXBuildFile; fileRef = D222449FDE5FD6D43D23F4E6 /* AuthTests.swift */; };
		8EF87B675A1B70D694C017C9 /* MessageTests.swift in Sources */ = {isa = PBXBuildFile; fileRef = 8A7FB1265179181319868D8F /* MessageTests.swift */; };
		1F5F9039524F0CCD29C43E4E /* HomeworkTests.swift in Sources */ = {isa = PBXBuildFile; fileRef = 605AFB79FA16A8C75C3FBC58 /* HomeworkTests.swift */; };
		3F89C71CDFD55196BF9CD840 /* TimetableTests.swift in Sources */ = {isa = PBXBuildFile; fileRef = C2D2F36018D8E9F2A54BFC45 /* TimetableTests.swift */; };
		18EE91D7FB77423845BAE685 /* OnboardingTests.swift in Sources */ = {isa = PBXBuildFile; fileRef = C55E951937A6C9F5066B4180 /* OnboardingTests.swift */; };
		A1B2C3D4E5F60718293A4B5C /* SchoolTests.swift in Sources */ = {isa = PBXBuildFile; fileRef = B2C3D4E5F60718293A4B5C6D /* SchoolTests.swift */; };
		C3D4E5F60718293A4B5C6D7E /* LocalCacheTests.swift in Sources */ = {isa = PBXBuildFile; fileRef = C3D4E5F60718293A4B5C6D7F /* LocalCacheTests.swift */; };
		701536B5DD228FE17DF76C52 /* Inter.ttf in Resources */ = {isa = PBXBuildFile; fileRef = 040D6D124C9FEAB4666DF4A4 /* Inter.ttf */; };
		A639164140892C8537395F63 /* icon.png in Resources */ = {isa = PBXBuildFile; fileRef = E983B6428F4BB45B34030F6E /* icon.png */; };
		9B354DB2FE2BD5EC9F1FFEB9 /* Localizable.xcstrings in Resources */ = {isa = PBXBuildFile; fileRef = AD6D4B96C5259ADFCDAF0545 /* Localizable.xcstrings */; };
		A29D263D738130E0731D2921 /* AppIcon.icns in Resources */ = {isa = PBXBuildFile; fileRef = 11D0643FB4B23CB54C601468 /* AppIcon.icns */; };
		9A8F171B217D4432AA8D3C11 /* SchoolViews.swift in Sources */ = {isa = PBXBuildFile; fileRef = 9A8F171B217D4432AA8D3C12 /* SchoolViews.swift */; };
/* End PBXBuildFile section */

/* Begin PBXContainerItemProxy section */
		8185007257325465A7855DFB /* PBXContainerItemProxy */ = {isa = PBXContainerItemProxy; containerPortal = A46937FF1A805C69B5EACE5D /* Project object */; proxyType = 1; remoteGlobalIDString = 11C7DA4E2D4758EE93BA0A94; remoteInfo = EduFlow; };
/* End PBXContainerItemProxy section */

/* Begin PBXFileReference section */
		559B66BA1F9851FDB1F5E311 /* EduFlow.app */ = {isa = PBXFileReference; explicitFileType = wrapper.application; includeInIndex = 0; path = EduFlow.app; sourceTree = BUILT_PRODUCTS_DIR; };
		9DD1C06453D55A90AF5F2D96 /* EduFlowTests.xctest */ = {isa = PBXFileReference; explicitFileType = wrapper.cfbundle; includeInIndex = 0; path = EduFlowTests.xctest; sourceTree = BUILT_PRODUCTS_DIR; };
		A8FCA7C43C305D5C8081D171 /* EduFlowApp.swift */ = {isa = PBXFileReference; lastKnownFileType = sourcecode.swift; path = EduFlowApp.swift; sourceTree = "<group>"; };
		766F8D5FDA7B5EB0B9AE2E24 /* ContentView.swift */ = {isa = PBXFileReference; lastKnownFileType = sourcecode.swift; path = ContentView.swift; sourceTree = "<group>"; };
		8595D1ECE5465B21AE3EF1C6 /* APIClient.swift */ = {isa = PBXFileReference; lastKnownFileType = sourcecode.swift; path = APIClient.swift; sourceTree = "<group>"; };
		B1C4A9D12E7F4A18B0C35D6E /* LocalCache.swift */ = {isa = PBXFileReference; lastKnownFileType = sourcecode.swift; path = LocalCache.swift; sourceTree = "<group>"; };
		B88AD54C42825A71AEA635CA /* TokenStore.swift */ = {isa = PBXFileReference; lastKnownFileType = sourcecode.swift; path = TokenStore.swift; sourceTree = "<group>"; };
		CD9FB515424A5371A80FA290 /* APIError.swift */ = {isa = PBXFileReference; lastKnownFileType = sourcecode.swift; path = APIError.swift; sourceTree = "<group>"; };
		ABCA3C2887BF5332BBF0115B /* Common.swift */ = {isa = PBXFileReference; lastKnownFileType = sourcecode.swift; path = Common.swift; sourceTree = "<group>"; };
		B6B19952FB945BC59EBCB855 /* Route.swift */ = {isa = PBXFileReference; lastKnownFileType = sourcecode.swift; path = Route.swift; sourceTree = "<group>"; };
		B2959C87312C5764AFE4BEF5 /* Theme.swift */ = {isa = PBXFileReference; lastKnownFileType = sourcecode.swift; path = Theme.swift; sourceTree = "<group>"; };
		D5AA3BCF32A05B7F8DDE85ED /* CommonViews.swift */ = {isa = PBXFileReference; lastKnownFileType = sourcecode.swift; path = CommonViews.swift; sourceTree = "<group>"; };
		D90AC1447E33BBFCF3019A6A /* AuthDTOs.swift */ = {isa = PBXFileReference; lastKnownFileType = sourcecode.swift; path = AuthDTOs.swift; sourceTree = "<group>"; };
		AAC899551D509ABE31EC47DE /* AuthRepository.swift */ = {isa = PBXFileReference; lastKnownFileType = sourcecode.swift; path = AuthRepository.swift; sourceTree = "<group>"; };
		0A5D3D46818853539E1148F7 /* SettingsRepository.swift */ = {isa = PBXFileReference; lastKnownFileType = sourcecode.swift; path = SettingsRepository.swift; sourceTree = "<group>"; };
		0D2138DCE8F84EF9EB843A47 /* AuthViewModel.swift */ = {isa = PBXFileReference; lastKnownFileType = sourcecode.swift; path = AuthViewModel.swift; sourceTree = "<group>"; };
		47C780F519F8DDAA7EA5E186 /* LoginViews.swift */ = {isa = PBXFileReference; lastKnownFileType = sourcecode.swift; path = LoginViews.swift; sourceTree = "<group>"; };
		F04D770A66ED7C133BE8182A /* SettingsViewModel.swift */ = {isa = PBXFileReference; lastKnownFileType = sourcecode.swift; path = SettingsViewModel.swift; sourceTree = "<group>"; };
		88B9980CFF512ECE5EC7C549 /* SettingsView.swift */ = {isa = PBXFileReference; lastKnownFileType = sourcecode.swift; path = SettingsView.swift; sourceTree = "<group>"; };
		1DE77B17D5A3EA79BE8B3EFB /* DevicesView.swift */ = {isa = PBXFileReference; lastKnownFileType = sourcecode.swift; path = DevicesView.swift; sourceTree = "<group>"; };
		916C4BBA4C3EF096871B6073 /* MessageDTOs.swift */ = {isa = PBXFileReference; lastKnownFileType = sourcecode.swift; path = MessageDTOs.swift; sourceTree = "<group>"; };
		CB88462D995D627992C0A161 /* MessagesRepository.swift */ = {isa = PBXFileReference; lastKnownFileType = sourcecode.swift; path = MessagesRepository.swift; sourceTree = "<group>"; };
		3D41C6B1D33DB1AE0F1E3253 /* MessagesViewModel.swift */ = {isa = PBXFileReference; lastKnownFileType = sourcecode.swift; path = MessagesViewModel.swift; sourceTree = "<group>"; };
		C1268241E9258B677A637DDA /* MessagesViews.swift */ = {isa = PBXFileReference; lastKnownFileType = sourcecode.swift; path = MessagesViews.swift; sourceTree = "<group>"; };
		114264E89FD65096D137497C /* HomeworkDTOs.swift */ = {isa = PBXFileReference; lastKnownFileType = sourcecode.swift; path = HomeworkDTOs.swift; sourceTree = "<group>"; };
		E171797FFAB5A5C68D95A7CE /* HomeworkRepository.swift */ = {isa = PBXFileReference; lastKnownFileType = sourcecode.swift; path = HomeworkRepository.swift; sourceTree = "<group>"; };
		780585C12B1E9E92A809B0A0 /* HomeworkViewModel.swift */ = {isa = PBXFileReference; lastKnownFileType = sourcecode.swift; path = HomeworkViewModel.swift; sourceTree = "<group>"; };
		6B99A8F0C7CE6DA25BF5B5D8 /* HomeworkViews.swift */ = {isa = PBXFileReference; lastKnownFileType = sourcecode.swift; path = HomeworkViews.swift; sourceTree = "<group>"; };
		5423F4A8BB3F7FC3C31CE89B /* GradesDTOs.swift */ = {isa = PBXFileReference; lastKnownFileType = sourcecode.swift; path = GradesDTOs.swift; sourceTree = "<group>"; };
		F57DD316BC53CC4BADD8EB39 /* GradesRepository.swift */ = {isa = PBXFileReference; lastKnownFileType = sourcecode.swift; path = GradesRepository.swift; sourceTree = "<group>"; };
		AB8DA2FD19F78A2FC835613F /* GradesViewModel.swift */ = {isa = PBXFileReference; lastKnownFileType = sourcecode.swift; path = GradesViewModel.swift; sourceTree = "<group>"; };
		17BCE34EE6D586D2C4295894 /* GradesViews.swift */ = {isa = PBXFileReference; lastKnownFileType = sourcecode.swift; path = GradesViews.swift; sourceTree = "<group>"; };
		72156A36D7050DA937900FFC /* TimetableDTOs.swift */ = {isa = PBXFileReference; lastKnownFileType = sourcecode.swift; path = TimetableDTOs.swift; sourceTree = "<group>"; };
		0852A308744C84ED4837E8B5 /* MetaDTOs.swift */ = {isa = PBXFileReference; lastKnownFileType = sourcecode.swift; path = MetaDTOs.swift; sourceTree = "<group>"; };
		8B31FAD3E25BB4EE3062720B /* TimetableRepository.swift */ = {isa = PBXFileReference; lastKnownFileType = sourcecode.swift; path = TimetableRepository.swift; sourceTree = "<group>"; };
		CFF52179534A1EBD6884627E /* MetaRepository.swift */ = {isa = PBXFileReference; lastKnownFileType = sourcecode.swift; path = MetaRepository.swift; sourceTree = "<group>"; };
		F13674AB53AB897376DF9270 /* TimetableViewModel.swift */ = {isa = PBXFileReference; lastKnownFileType = sourcecode.swift; path = TimetableViewModel.swift; sourceTree = "<group>"; };
		F9264AC868EB7D92823271BA /* TimetableViews.swift */ = {isa = PBXFileReference; lastKnownFileType = sourcecode.swift; path = TimetableViews.swift; sourceTree = "<group>"; };
		B240A980F43D88F84EC7424E /* OverviewViewModel.swift */ = {isa = PBXFileReference; lastKnownFileType = sourcecode.swift; path = OverviewViewModel.swift; sourceTree = "<group>"; };
		90A2194AE941DA7010D3F023 /* OverviewViews.swift */ = {isa = PBXFileReference; lastKnownFileType = sourcecode.swift; path = OverviewViews.swift; sourceTree = "<group>"; };
		E4294464F51CB03CBB69B4C4 /* OnboardingState.swift */ = {isa = PBXFileReference; lastKnownFileType = sourcecode.swift; path = OnboardingState.swift; sourceTree = "<group>"; };
		2AF2A7759A913239B8555D6B /* OnboardingFlow.swift */ = {isa = PBXFileReference; lastKnownFileType = sourcecode.swift; path = OnboardingFlow.swift; sourceTree = "<group>"; };
		7DE1B3D70C24E5F6F2CD9F8D /* OnboardingPages.swift */ = {isa = PBXFileReference; lastKnownFileType = sourcecode.swift; path = OnboardingPages.swift; sourceTree = "<group>"; };
		C7B9221991AA52B1AEBC352E /* EduFlowTests.swift */ = {isa = PBXFileReference; lastKnownFileType = sourcecode.swift; path = EduFlowTests.swift; sourceTree = "<group>"; };
		D222449FDE5FD6D43D23F4E6 /* AuthTests.swift */ = {isa = PBXFileReference; lastKnownFileType = sourcecode.swift; path = AuthTests.swift; sourceTree = "<group>"; };
		8A7FB1265179181319868D8F /* MessageTests.swift */ = {isa = PBXFileReference; lastKnownFileType = sourcecode.swift; path = MessageTests.swift; sourceTree = "<group>"; };
		605AFB79FA16A8C75C3FBC58 /* HomeworkTests.swift */ = {isa = PBXFileReference; lastKnownFileType = sourcecode.swift; path = HomeworkTests.swift; sourceTree = "<group>"; };
		C2D2F36018D8E9F2A54BFC45 /* TimetableTests.swift */ = {isa = PBXFileReference; lastKnownFileType = sourcecode.swift; path = TimetableTests.swift; sourceTree = "<group>"; };
		C55E951937A6C9F5066B4180 /* OnboardingTests.swift */ = {isa = PBXFileReference; lastKnownFileType = sourcecode.swift; path = OnboardingTests.swift; sourceTree = "<group>"; };
		B2C3D4E5F60718293A4B5C6D /* SchoolTests.swift */ = {isa = PBXFileReference; lastKnownFileType = sourcecode.swift; path = SchoolTests.swift; sourceTree = "<group>"; };
		C3D4E5F60718293A4B5C6D7F /* LocalCacheTests.swift */ = {isa = PBXFileReference; lastKnownFileType = sourcecode.swift; path = LocalCacheTests.swift; sourceTree = "<group>"; };
		040D6D124C9FEAB4666DF4A4 /* Inter.ttf */ = {isa = PBXFileReference; lastKnownFileType = file; path = Inter.ttf; sourceTree = "<group>"; };
		E983B6428F4BB45B34030F6E /* icon.png */ = {isa = PBXFileReference; lastKnownFileType = image.png; path = icon.png; sourceTree = "<group>"; };
		AD6D4B96C5259ADFCDAF0545 /* Localizable.xcstrings */ = {isa = PBXFileReference; lastKnownFileType = text.json.xcstrings; path = Localizable.xcstrings; sourceTree = "<group>"; };
		11D0643FB4B23CB54C601468 /* AppIcon.icns */ = {isa = PBXFileReference; lastKnownFileType = image.icns; path = AppIcon.icns; sourceTree = "<group>"; };
		085D0DAA13C558738C25A4F0 /* Info.plist */ = {isa = PBXFileReference; lastKnownFileType = text.plist.xml; path = Info.plist; sourceTree = "<group>"; };
		8A6884B3596C5941BCE52EB2 /* EduFlow.entitlements */ = {isa = PBXFileReference; lastKnownFileType = text.plist.entitlements; path = EduFlow.entitlements; sourceTree = "<group>"; };
		9A8F171B217D4432AA8D3C12 /* SchoolViews.swift */ = {isa = PBXFileReference; lastKnownFileType = sourcecode.swift; path = SchoolViews.swift; sourceTree = "<group>"; };
/* End PBXFileReference section */

/* Begin PBXFrameworksBuildPhase section */
		5352304E84885651BCB6BDC4 /* Frameworks */ = {isa = PBXFrameworksBuildPhase; buildActionMask = 2147483647; files = ( ); runOnlyForDeploymentPostprocessing = 0; };
		3EDAB89C5ADF5B40BE5B422F /* Frameworks */ = {isa = PBXFrameworksBuildPhase; buildActionMask = 2147483647; files = ( ); runOnlyForDeploymentPostprocessing = 0; };
/* End PBXFrameworksBuildPhase section */

/* Begin PBXGroup section */
		C8091C6954B45ECC99884A87 /*  */ = {isa = PBXGroup; children = (
				8713F1A7D73358D89CA69DE7,
				5F4719E02026562A9082CF14,
				63A4CF06DA8E5857AFE04139,
			); sourceTree = "<group>"; };
		8713F1A7D73358D89CA69DE7 /* EduFlow */ = {isa = PBXGroup; children = (
				A8FCA7C43C305D5C8081D171,
				766F8D5FDA7B5EB0B9AE2E24,
				085D0DAA13C558738C25A4F0,
				8A6884B3596C5941BCE52EB2,
				A29F9B6B515657718985C675,
				A288C57B6C1B546FB6051065,
				FFF5E7A2B5F15DD1B28870FE,
				FEBAF1ECEC3E506A8A052A0D,
				F09372D122B8557A864BBED0,
				66E3AC057FD964A60643983E,
				EC62221E73C06D2DC00D1B08,
				A69666279231B81625471491,
				CE2B8CC188D1A0C4E900D758,
				643F53ADC5D934C4E5E24DBF,
				9A8F171B217D4432AA8D3C13,
				0CDA26187034F40C734AE177,
				FCF82E87980BBFA6F57F1205,
				E061BE3C33C8EE55E54D677B,
			); path = EduFlow; sourceTree = "<group>"; };
		A29F9B6B515657718985C675 /* Core */ = {isa = PBXGroup; children = (
				8595D1ECE5465B21AE3EF1C6,
				B1C4A9D12E7F4A18B0C35D6E /* LocalCache.swift */,
				B88AD54C42825A71AEA635CA,
				CD9FB515424A5371A80FA290,
			); path = Core; sourceTree = "<group>"; };
		A288C57B6C1B546FB6051065 /* DTOs */ = {isa = PBXGroup; children = (
				ABCA3C2887BF5332BBF0115B,
			); path = DTOs; sourceTree = "<group>"; };
		FFF5E7A2B5F15DD1B28870FE /* Navigation */ = {isa = PBXGroup; children = (
				B6B19952FB945BC59EBCB855,
			); path = Navigation; sourceTree = "<group>"; };
		FEBAF1ECEC3E506A8A052A0D /* Theme */ = {isa = PBXGroup; children = (
				B2959C87312C5764AFE4BEF5,
			); path = Theme; sourceTree = "<group>"; };
		F09372D122B8557A864BBED0 /* Views */ = {isa = PBXGroup; children = (
				D5AA3BCF32A05B7F8DDE85ED,
			); path = Views; sourceTree = "<group>"; };
		E061BE3C33C8EE55E54D677B /* Resources */ = {isa = PBXGroup; children = (
				040D6D124C9FEAB4666DF4A4,
				11D0643FB4B23CB54C601468,
				E983B6428F4BB45B34030F6E,
				AD6D4B96C5259ADFCDAF0545,
			); path = Resources; sourceTree = "<group>"; };
		66E3AC057FD964A60643983E /* Auth */ = {isa = PBXGroup; children = (
				D90AC1447E33BBFCF3019A6A,
				AAC899551D509ABE31EC47DE,
				0A5D3D46818853539E1148F7,
				0D2138DCE8F84EF9EB843A47,
				47C780F519F8DDAA7EA5E186,
			); path = Auth; sourceTree = "<group>"; };
		EC62221E73C06D2DC00D1B08 /* Settings */ = {isa = PBXGroup; children = (
				F04D770A66ED7C133BE8182A,
				88B9980CFF512ECE5EC7C549,
				1DE77B17D5A3EA79BE8B3EFB,
			); path = Settings; sourceTree = "<group>"; };
		A69666279231B81625471491 /* Messages */ = {isa = PBXGroup; children = (
				916C4BBA4C3EF096871B6073,
				CB88462D995D627992C0A161,
				3D41C6B1D33DB1AE0F1E3253,
				C1268241E9258B677A637DDA,
			); path = Messages; sourceTree = "<group>"; };
		CE2B8CC188D1A0C4E900D758 /* Homework */ = {isa = PBXGroup; children = (
				114264E89FD65096D137497C,
				E171797FFAB5A5C68D95A7CE,
				780585C12B1E9E92A809B0A0,
				6B99A8F0C7CE6DA25BF5B5D8,
				5423F4A8BB3F7FC3C31CE89B,
				F57DD316BC53CC4BADD8EB39,
				AB8DA2FD19F78A2FC835613F,
				17BCE34EE6D586D2C4295894,
			); path = Homework; sourceTree = "<group>"; };
		643F53ADC5D934C4E5E24DBF /* Timetable */ = {isa = PBXGroup; children = (
				72156A36D7050DA937900FFC,
				0852A308744C84ED4837E8B5,
				8B31FAD3E25BB4EE3062720B,
				CFF52179534A1EBD6884627E,
				F13674AB53AB897376DF9270,
				F9264AC868EB7D92823271BA,
			); path = Timetable; sourceTree = "<group>"; };
		9A8F171B217D4432AA8D3C13 /* School */ = {isa = PBXGroup; children = (
				9A8F171B217D4432AA8D3C12,
			); path = School; sourceTree = "<group>"; };
		0CDA26187034F40C734AE177 /* Overview */ = {isa = PBXGroup; children = (
				B240A980F43D88F84EC7424E,
				90A2194AE941DA7010D3F023,
			); path = Overview; sourceTree = "<group>"; };
		FCF82E87980BBFA6F57F1205 /* Onboarding */ = {isa = PBXGroup; children = (
				E4294464F51CB03CBB69B4C4,
				2AF2A7759A913239B8555D6B,
				7DE1B3D70C24E5F6F2CD9F8D,
			); path = Onboarding; sourceTree = "<group>"; };
		5F4719E02026562A9082CF14 /* EduFlowTests */ = {isa = PBXGroup; children = (
				C7B9221991AA52B1AEBC352E,
				D222449FDE5FD6D43D23F4E6,
				8A7FB1265179181319868D8F,
				605AFB79FA16A8C75C3FBC58,
				C2D2F36018D8E9F2A54BFC45,
				C55E951937A6C9F5066B4180,
				B2C3D4E5F60718293A4B5C6D,
				C3D4E5F60718293A4B5C6D7F /* LocalCacheTests.swift */,
			); path = EduFlowTests; sourceTree = "<group>"; };
		63A4CF06DA8E5857AFE04139 /* Products */ = {isa = PBXGroup; children = (
				559B66BA1F9851FDB1F5E311,
				9DD1C06453D55A90AF5F2D96,
			); sourceTree = "<group>"; };
/* End PBXGroup section */

/* Begin PBXNativeTarget section */
		11C7DA4E2D4758EE93BA0A94 /* EduFlow */ = {isa = PBXNativeTarget; buildConfigurationList = 15F15DC0A514596B924EE878 /* Build configuration list for PBXNativeTarget "EduFlow" */; buildPhases = (
				FD3B639DAE595F079E2213F1 /* Sources */,
				5352304E84885651BCB6BDC4 /* Frameworks */,
				2467A9684B2C5D51AEFE20C1 /* Resources */,
			); buildRules = ( ); dependencies = ( ); name = EduFlow; productName = EduFlow; productReference = 559B66BA1F9851FDB1F5E311 /* EduFlow.app */; productType = "com.apple.product-type.application"; };
		6C5423244D455D6080142033 /* EduFlowTests */ = {isa = PBXNativeTarget; buildConfigurationList = B76D3CA6C64C5DF7ABEF6E80 /* Build configuration list for PBXNativeTarget "EduFlowTests" */; buildPhases = (
				46B0B7294F54527D8D7BDF1F /* Sources */,
				3EDAB89C5ADF5B40BE5B422F /* Frameworks */,
				45C4A47143915522AFAD9CFA /* Resources */,
			); buildRules = ( ); dependencies = (
				13ABADE614DB5B6A85ED7F5C /* PBXTargetDependency */,
			); name = EduFlowTests; productName = EduFlowTests; productReference = 9DD1C06453D55A90AF5F2D96 /* EduFlowTests.xctest */; productType = "com.apple.product-type.bundle.unit-test"; };
/* End PBXNativeTarget section */

/* Begin PBXProject section */
		A46937FF1A805C69B5EACE5D /* Project object */ = {isa = PBXProject; attributes = {BuildIndependentTargetsInParallel = 1; LastUpgradeCheck = 1640; TargetAttributes = {11C7DA4E2D4758EE93BA0A94 = {CreatedOnToolsVersion = 16.4; }; 6C5423244D455D6080142033 = {CreatedOnToolsVersion = 16.4; TestTargetID = 11C7DA4E2D4758EE93BA0A94; }; }; }; buildConfigurationList = 5429BB095D2F517D8560892A /* Build configuration list for PBXProject "EduFlow" */; compatibilityVersion = "Xcode 14.0"; developmentRegion = de; hasScannedForEncodings = 0; knownRegions = (en, de, Base, ); mainGroup = C8091C6954B45ECC99884A87; productRefGroup = 63A4CF06DA8E5857AFE04139 /* Products */; projectDirPath = ""; projectRoot = ""; targets = (
				11C7DA4E2D4758EE93BA0A94 /* EduFlow */,
				6C5423244D455D6080142033 /* EduFlowTests */,
			); };
/* End PBXProject section */

/* Begin PBXResourcesBuildPhase section */
		2467A9684B2C5D51AEFE20C1 /* Resources */ = {isa = PBXResourcesBuildPhase; buildActionMask = 2147483647; files = (
				701536B5DD228FE17DF76C52 /* Inter.ttf in Resources */,
				A29D263D738130E0731D2921 /* AppIcon.icns in Resources */,
				A639164140892C8537395F63 /* icon.png in Resources */,
				9B354DB2FE2BD5EC9F1FFEB9 /* Localizable.xcstrings in Resources */,
			); runOnlyForDeploymentPostprocessing = 0; };
		45C4A47143915522AFAD9CFA /* Resources */ = {isa = PBXResourcesBuildPhase; buildActionMask = 2147483647; files = ( ); runOnlyForDeploymentPostprocessing = 0; };
/* End PBXResourcesBuildPhase section */

/* Begin PBXSourcesBuildPhase section */
		FD3B639DAE595F079E2213F1 /* Sources */ = {isa = PBXSourcesBuildPhase; buildActionMask = 2147483647; files = (
				D3119B49AB8E5BE98D4C192C /* EduFlowApp.swift in Sources */,
				8C4DE26BF943572A895BA42B /* ContentView.swift in Sources */,
				A67BE6D3086757FFA20BD935 /* APIClient.swift in Sources */,
				B1C4A9D02E7F4A18B0C35D6E /* LocalCache.swift in Sources */,
				BBEAED5AB4DC58FBB3DF7BB5 /* TokenStore.swift in Sources */,
				B81B6BFE6D4E58C5A1D70B8A /* APIError.swift in Sources */,
				1C5DE940D07F51D2983559BA /* Common.swift in Sources */,
				94D05BC818DB5C0598F43C71 /* Route.swift in Sources */,
				EA32C0AFC5D95A9995ED0BD2 /* Theme.swift in Sources */,
				6822D8D73DB85ECE8671CA15 /* CommonViews.swift in Sources */,
				6BBA030ECD77EC7D4C7E01EF /* AuthDTOs.swift in Sources */,
				84A0473F347898E495E4904D /* AuthRepository.swift in Sources */,
				E8DF943FCC4BA3E70881B805 /* SettingsRepository.swift in Sources */,
				455F51E6EBE5475B35AA443D /* AuthViewModel.swift in Sources */,
				5E265950385825FB6C5A3D8E /* LoginViews.swift in Sources */,
				3713CC14530F9D094B4939D2 /* SettingsViewModel.swift in Sources */,
				E1AEE2129D550D710F3EE194 /* SettingsView.swift in Sources */,
				201A21D56601068C55AC0DC3 /* DevicesView.swift in Sources */,
				D21C039FD7798366A211AFDB /* MessageDTOs.swift in Sources */,
				B79FE9212F6E80566B579736 /* MessagesRepository.swift in Sources */,
				955DA683ECE7F42A5B979EA0 /* MessagesViewModel.swift in Sources */,
				7F0DF445B884AE4E8D93049D /* MessagesViews.swift in Sources */,
				B7BF2EDCDE32BCE90998C3EB /* HomeworkDTOs.swift in Sources */,
				46C8DE8FC69762BBEDE73D60 /* HomeworkRepository.swift in Sources */,
				294FC763D96243BBD055B1D5 /* HomeworkViewModel.swift in Sources */,
				EB70B1CFF7BFA9C3D4EF4D90 /* HomeworkViews.swift in Sources */,
				6D5BE4F74A6E3E0D66361685 /* GradesDTOs.swift in Sources */,
				FCC06715DEDD12EBE231CA84 /* GradesRepository.swift in Sources */,
				14821AED7533635DFC5B18A4 /* GradesViewModel.swift in Sources */,
				A5932A35C3C6042ACA4DE5DE /* GradesViews.swift in Sources */,
				2288F999A2899944D47F2E3C /* TimetableDTOs.swift in Sources */,
				F94F0C81016E9372F4BB93EF /* MetaDTOs.swift in Sources */,
				4F2B3CFAC08C122808DFC3E0 /* TimetableRepository.swift in Sources */,
				0691AA24AC5145D335F1004F /* MetaRepository.swift in Sources */,
				51BDA4BACCBAE10190BC66B9 /* TimetableViewModel.swift in Sources */,
				2A628BC9EAD20C2BC84D9D3C /* TimetableViews.swift in Sources */,
				9A8F171B217D4432AA8D3C11 /* SchoolViews.swift in Sources */,
				F3A8874FED1D3FAC05109BC9 /* OverviewViewModel.swift in Sources */,
				9E569E80D4046A061380FC36 /* OverviewViews.swift in Sources */,
				C593FCC00FF180BDFC2F52B8 /* OnboardingState.swift in Sources */,
				34445586AD75967748CA5CB9 /* OnboardingFlow.swift in Sources */,
				2F926069FA48C5F654064786 /* OnboardingPages.swift in Sources */,
			); runOnlyForDeploymentPostprocessing = 0; };
		46B0B7294F54527D8D7BDF1F /* Sources */ = {isa = PBXSourcesBuildPhase; buildActionMask = 2147483647; files = (
				1E16439360EA51AF853DAB5D /* EduFlowTests.swift in Sources */,
				CD31A7093F70A3B1CD3D9C17 /* AuthTests.swift in Sources */,
				8EF87B675A1B70D694C017C9 /* MessageTests.swift in Sources */,
				1F5F9039524F0CCD29C43E4E /* HomeworkTests.swift in Sources */,
				3F89C71CDFD55196BF9CD840 /* TimetableTests.swift in Sources */,
				18EE91D7FB77423845BAE685 /* OnboardingTests.swift in Sources */,
				A1B2C3D4E5F60718293A4B5C /* SchoolTests.swift in Sources */,
				C3D4E5F60718293A4B5C6D7E /* LocalCacheTests.swift in Sources */,
			); runOnlyForDeploymentPostprocessing = 0; };
/* End PBXSourcesBuildPhase section */

/* Begin PBXTargetDependency section */
		13ABADE614DB5B6A85ED7F5C /* PBXTargetDependency */ = {isa = PBXTargetDependency; target = 11C7DA4E2D4758EE93BA0A94 /* EduFlow */; targetProxy = 8185007257325465A7855DFB /* PBXContainerItemProxy */; };
/* End PBXTargetDependency section */

/* Begin XCBuildConfiguration section */
		6AC2BF38E294505BADCF1CF2 /* Debug */ = {isa = XCBuildConfiguration; buildSettings = {
				ALWAYS_SEARCH_USER_PATHS = NO;
				CLANG_CXX_LANGUAGE_STANDARD = "gnu++20";
				GCC_PREPROCESSOR_DEFINITIONS = ("DEBUG=1", "$(inherited)");
				MTL_ENABLE_DEBUG_INFO = INCLUDE_SOURCE;
				MTL_FAST_MATH = YES;
				SWIFT_ACTIVE_COMPILATION_CONDITIONS = "DEBUG $(inherited)";
			}; name = Debug; };
		930250F1448B580FBCF43A9D /* Release */ = {isa = XCBuildConfiguration; buildSettings = {
				ALWAYS_SEARCH_USER_PATHS = NO;
				CLANG_CXX_LANGUAGE_STANDARD = "gnu++20";
				MTL_FAST_MATH = YES;
			}; name = Release; };
		0434E47B5A6058389E8FC6CC /* Debug */ = {isa = XCBuildConfiguration; buildSettings = {
				CODE_SIGN_ENTITLEMENTS = EduFlow/EduFlow.entitlements;
				CODE_SIGN_IDENTITY = "-";
				CODE_SIGN_STYLE = Manual;
				COMBINE_HIDPI_IMAGES = YES;
				CURRENT_PROJECT_VERSION = 1;
				DEVELOPMENT_TEAM = "";
				ENABLE_HARDENED_RUNTIME = NO;
				INFOPLIST_FILE = EduFlow/Info.plist;
				MACOSX_DEPLOYMENT_TARGET = 14.0;
				MARKETING_VERSION = 0.1.0;
				PRODUCT_BUNDLE_IDENTIFIER = de.eduflow.EduFlow;
				PRODUCT_NAME = "$(TARGET_NAME)";
				SDKROOT = macosx;
				SWIFT_VERSION = 5.0;
				COPY_PHASE_STRIP = NO;
				DEBUG_INFORMATION_FORMAT = dwarf;
				ENABLE_TESTABILITY = YES;
				GCC_DYNAMIC_NO_PIC = NO;
				GCC_OPTIMIZATION_LEVEL = 0;
				MTL_ENABLE_DEBUG_INFO = INCLUDE_SOURCE;
				ONLY_ACTIVE_ARCH = YES;
				SWIFT_ACTIVE_COMPILATION_CONDITIONS = "DEBUG $(inherited)";
				SWIFT_OPTIMIZATION_LEVEL = -Onone;
			}; name = Debug; };
		7ED7524FA55F5800A8FBE6D0 /* Release */ = {isa = XCBuildConfiguration; buildSettings = {
				CODE_SIGN_ENTITLEMENTS = EduFlow/EduFlow.entitlements;
				CODE_SIGN_IDENTITY = "-";
				CODE_SIGN_STYLE = Manual;
				COMBINE_HIDPI_IMAGES = YES;
				CURRENT_PROJECT_VERSION = 1;
				DEVELOPMENT_TEAM = "";
				ENABLE_HARDENED_RUNTIME = NO;
				INFOPLIST_FILE = EduFlow/Info.plist;
				MACOSX_DEPLOYMENT_TARGET = 14.0;
				MARKETING_VERSION = 0.1.0;
				PRODUCT_BUNDLE_IDENTIFIER = de.eduflow.EduFlow;
				PRODUCT_NAME = "$(TARGET_NAME)";
				SDKROOT = macosx;
				SWIFT_VERSION = 5.0;
				COPY_PHASE_STRIP = NO;
				DEBUG_INFORMATION_FORMAT = "dwarf-with-dsym";
				ENABLE_NS_ASSERTIONS = NO;
				ENABLE_TESTABILITY = NO;
				MTL_ENABLE_DEBUG_INFO = NO;
				SWIFT_COMPILATION_MODE = wholemodule;
				SWIFT_OPTIMIZATION_LEVEL = -O;
			}; name = Release; };
		0E81ACAE6CC65EC6B2D4AE62 /* Debug */ = {isa = XCBuildConfiguration; buildSettings = {
				BUNDLE_LOADER = "$(TEST_HOST)";
				CODE_SIGN_IDENTITY = "-";
				CODE_SIGN_STYLE = Manual;
				DEVELOPMENT_TEAM = "";
				GENERATE_INFOPLIST_FILE = YES;
				LD_RUNPATH_SEARCH_PATHS = ("$(inherited)", "@executable_path/../Frameworks", "@loader_path/../Frameworks");
				MACOSX_DEPLOYMENT_TARGET = 14.0;
				PRODUCT_BUNDLE_IDENTIFIER = de.eduflow.EduFlowTests;
				PRODUCT_NAME = "$(TARGET_NAME)";
				SDKROOT = macosx;
				SWIFT_VERSION = 5.0;
				TEST_HOST = "$(BUILT_PRODUCTS_DIR)/EduFlow.app/Contents/MacOS/EduFlow";
				WRAPPER_EXTENSION = xctest;
				COPY_PHASE_STRIP = NO;
				DEBUG_INFORMATION_FORMAT = dwarf;
				ENABLE_TESTABILITY = YES;
				GCC_DYNAMIC_NO_PIC = NO;
				GCC_OPTIMIZATION_LEVEL = 0;
				MTL_ENABLE_DEBUG_INFO = INCLUDE_SOURCE;
				ONLY_ACTIVE_ARCH = YES;
				SWIFT_ACTIVE_COMPILATION_CONDITIONS = "DEBUG $(inherited)";
				SWIFT_OPTIMIZATION_LEVEL = -Onone;
			}; name = Debug; };
		EC5E267FC97453DE8D28D228 /* Release */ = {isa = XCBuildConfiguration; buildSettings = {
				BUNDLE_LOADER = "$(TEST_HOST)";
				CODE_SIGN_IDENTITY = "-";
				CODE_SIGN_STYLE = Manual;
				DEVELOPMENT_TEAM = "";
				GENERATE_INFOPLIST_FILE = YES;
				LD_RUNPATH_SEARCH_PATHS = ("$(inherited)", "@executable_path/../Frameworks", "@loader_path/../Frameworks");
				MACOSX_DEPLOYMENT_TARGET = 14.0;
				PRODUCT_BUNDLE_IDENTIFIER = de.eduflow.EduFlowTests;
				PRODUCT_NAME = "$(TARGET_NAME)";
				SDKROOT = macosx;
				SWIFT_VERSION = 5.0;
				TEST_HOST = "$(BUILT_PRODUCTS_DIR)/EduFlow.app/Contents/MacOS/EduFlow";
				WRAPPER_EXTENSION = xctest;
				COPY_PHASE_STRIP = NO;
				DEBUG_INFORMATION_FORMAT = "dwarf-with-dsym";
				ENABLE_NS_ASSERTIONS = NO;
				MTL_ENABLE_DEBUG_INFO = NO;
				SWIFT_COMPILATION_MODE = wholemodule;
				SWIFT_OPTIMIZATION_LEVEL = -O;
			}; name = Release; };
/* End XCBuildConfiguration section */

/* Begin XCConfigurationList section */
		15F15DC0A514596B924EE878 /* Build configuration list for PBXNativeTarget "EduFlow" */ = {isa = XCConfigurationList; buildConfigurations = (
				0434E47B5A6058389E8FC6CC /* Debug */,
				7ED7524FA55F5800A8FBE6D0 /* Release */,
			); defaultConfigurationIsVisible = 0; defaultConfigurationName = Release; };
		B76D3CA6C64C5DF7ABEF6E80 /* Build configuration list for PBXNativeTarget "EduFlowTests" */ = {isa = XCConfigurationList; buildConfigurations = (
				0E81ACAE6CC65EC6B2D4AE62 /* Debug */,
				EC5E267FC97453DE8D28D228 /* Release */,
			); defaultConfigurationIsVisible = 0; defaultConfigurationName = Release; };
		5429BB095D2F517D8560892A /* Build configuration list for PBXProject "EduFlow" */ = {isa = XCConfigurationList; buildConfigurations = (
				6AC2BF38E294505BADCF1CF2 /* Debug */,
				930250F1448B580FBCF43A9D /* Release */,
			); defaultConfigurationIsVisible = 0; defaultConfigurationName = Release; };
/* End XCConfigurationList section */

	};
	rootObject = A46937FF1A805C69B5EACE5D /* Project object */;
}
